
Microsoft Visual Studio Solution File, Format Version 12.00
# Visual Studio 2012
Project("{FAE04EC0-301F-11D3-BF4B-00C04F79EFBC}") = "NutritionCompare", "NutritionCompare\NutritionCompare.csproj", "{790695DF-7193-47F0-A51A-55EC7B324D60}"
EndProject
Project("{FAE04EC0-301F-11D3-BF4B-00C04F79EFBC}") = "FatSecretSharp.Services", "FatSecretSharp.Services\FatSecretSharp.Services.csproj", "{7EE9D131-8463-4E0B-B04C-4DEC49372819}"
EndProject
Global
	GlobalSection(SolutionConfigurationPlatforms) = preSolution
		Debug|Any CPU = Debug|Any CPU
		Release|Any CPU = Release|Any CPU
	EndGlobalSection
	GlobalSection(ProjectConfigurationPlatforms) = postSolution
		{790695DF-7193-47F0-A51A-55EC7B324D60}.Debug|Any CPU.ActiveCfg = Debug|Any CPU
		{790695DF-7193-47F0-A51A-55EC7B324D60}.Debug|Any CPU.Build.0 = Debug|Any CPU
		{790695DF-7193-47F0-A51A-55EC7B324D60}.Release|Any CPU.ActiveCfg = Release|Any CPU
		{790695DF-7193-47F0-A51A-55EC7B324D60}.Release|Any CPU.Build.0 = Release|Any CPU
		{7EE9D131-8463-4E0B-B04C-4DEC49372819}.Debug|Any CPU.ActiveCfg = Debug|Any CPU
		{7EE9D131-8463-4E0B-B04C-4DEC49372819}.Debug|Any CPU.Build.0 = Debug|Any CPU
		{7EE9D131-8463-4E0B-B04C-4DEC49372819}.Release|Any CPU.ActiveCfg = Release|Any CPU
		{7EE9D131-8463-4E0B-B04C-4DEC49372819}.Release|Any CPU.Build.0 = Release|Any CPU
	EndGlobalSection
	GlobalSection(SolutionProperties) = preSolution
		HideSolutionNode = FALSE
	EndGlobalSection
EndGlobal
